// !$*UTF8*$!
{
	archiveVersion = 1;
	classes = {
	};
	objectVersion = 55;
	objects = {

/* Begin PBXBuildFile section */
		04614D0A2896485600C2A532 /* SwiftUIAppClipApp.swift in Sources */ = {isa = PBXBuildFile; fileRef = 04614D092896485600C2A532 /* SwiftUIAppClipApp.swift */; };
		04614D0C2896485600C2A532 /* ContentView.swift in Sources */ = {isa = PBXBuildFile; fileRef = 04614D0B2896485600C2A532 /* ContentView.swift */; };
		04614D0E2896485700C2A532 /* Assets.xcassets in Resources */ = {isa = PBXBuildFile; fileRef = 04614D0D2896485700C2A532 /* Assets.xcassets */; };
		04614D1B2896485700C2A532 /* SwiftUIAppClipTests.swift in Sources */ = {isa = PBXBuildFile; fileRef = 04614D1A2896485700C2A532 /* SwiftUIAppClipTests.swift */; };
		04614D252896485700C2A532 /* SwiftUIAppClipUITests.swift in Sources */ = {isa = PBXBuildFile; fileRef = 04614D242896485700C2A532 /* SwiftUIAppClipUITests.swift */; };
		04614D272896485700C2A532 /* SwiftUIAppClipUITestsLaunchTests.swift in Sources */ = {isa = PBXBuildFile; fileRef = 04614D262896485700C2A532 /* SwiftUIAppClipUITestsLaunchTests.swift */; };
		04B5DF23289649AD00AE7FFF /* ClipApp.swift in Sources */ = {isa = PBXBuildFile; fileRef = 04B5DF22289649AD00AE7FFF /* ClipApp.swift */; };
		04B5DF25289649AD00AE7FFF /* ContentView.swift in Sources */ = {isa = PBXBuildFile; fileRef = 04B5DF24289649AD00AE7FFF /* ContentView.swift */; };
		04B5DF27289649AE00AE7FFF /* Assets.xcassets in Resources */ = {isa = PBXBuildFile; fileRef = 04B5DF26289649AE00AE7FFF /* Assets.xcassets */; };
		04B5DF2A289649AE00AE7FFF /* Preview Assets.xcassets in Resources */ = {isa = PBXBuildFile; fileRef = 04B5DF29289649AE00AE7FFF /* Preview Assets.xcassets */; };
		04B5DF36289649AF00AE7FFF /* ClipTests.swift in Sources */ = {isa = PBXBuildFile; fileRef = 04B5DF35289649AF00AE7FFF /* ClipTests.swift */; };
		04B5DF40289649AF00AE7FFF /* ClipUITests.swift in Sources */ = {isa = PBXBuildFile; fileRef = 04B5DF3F289649AF00AE7FFF /* ClipUITests.swift */; };
		04B5DF42289649AF00AE7FFF /* ClipUITestsLaunchTests.swift in Sources */ = {isa = PBXBuildFile; fileRef = 04B5DF41289649AF00AE7FFF /* ClipUITestsLaunchTests.swift */; };
		04B5DF45289649AF00AE7FFF /* Clip.app in Embed App Clips */ = {isa = PBXBuildFile; fileRef = 04B5DF20289649AD00AE7FFF /* Clip.app */; settings = {ATTRIBUTES = (RemoveHeadersOnCopy, ); }; };
		04B5DF5D2897772A00AE7FFF /* Preview Assets.xcassets in Resources */ = {isa = PBXBuildFile; fileRef = 04B5DF5C2897772A00AE7FFF /* Preview Assets.xcassets */; };
		04B5DF622897977900AE7FFF /* Model.swift in Sources */ = {isa = PBXBuildFile; fileRef = 04B5DF612897977900AE7FFF /* Model.swift */; };
		04B5DF65289798C000AE7FFF /* Recipe.swift in Sources */ = {isa = PBXBuildFile; fileRef = 04B5DF64289798C000AE7FFF /* Recipe.swift */; };
		04B5DF6B2897B43900AE7FFF /* RecipeView.swift in Sources */ = {isa = PBXBuildFile; fileRef = 04B5DF6A2897B43900AE7FFF /* RecipeView.swift */; };
/* End PBXBuildFile section */

/* Begin PBXContainerItemProxy section */
		04614D172896485700C2A532 /* PBXContainerItemProxy */ = {
			isa = PBXContainerItemProxy;
			containerPortal = 04614CFE2896485600C2A532 /* Project object */;
			proxyType = 1;
			remoteGlobalIDString = 04614D052896485600C2A532;
			remoteInfo = SwiftUIAppClip;
		};
		04614D212896485700C2A532 /* PBXContainerItemProxy */ = {
			isa = PBXContainerItemProxy;
			containerPortal = 04614CFE2896485600C2A532 /* Project object */;
			proxyType = 1;
			remoteGlobalIDString = 04614D052896485600C2A532;
			remoteInfo = SwiftUIAppClip;
		};
		04B5DF32289649AF00AE7FFF /* PBXContainerItemProxy */ = {
			isa = PBXContainerItemProxy;
			containerPortal = 04614CFE2896485600C2A532 /* Project object */;
			proxyType = 1;
			remoteGlobalIDString = 04B5DF1F289649AD00AE7FFF;
			remoteInfo = Clip;
		};
		04B5DF3C289649AF00AE7FFF /* PBXContainerItemProxy */ = {
			isa = PBXContainerItemProxy;
			containerPortal = 04614CFE2896485600C2A532 /* Project object */;
			proxyType = 1;
			remoteGlobalIDString = 04B5DF1F289649AD00AE7FFF;
			remoteInfo = Clip;
		};
		04B5DF43289649AF00AE7FFF /* PBXContainerItemProxy */ = {
			isa = PBXContainerItemProxy;
			containerPortal = 04614CFE2896485600C2A532 /* Project object */;
			proxyType = 1;
			remoteGlobalIDString = 04B5DF1F289649AD00AE7FFF;
			remoteInfo = Clip;
		};
/* End PBXContainerItemProxy section */

/* Begin PBXCopyFilesBuildPhase section */
		04B5DF46289649AF00AE7FFF /* Embed App Clips */ = {
			isa = PBXCopyFilesBuildPhase;
			buildActionMask = 2147483647;
			dstPath = "$(CONTENTS_FOLDER_PATH)/AppClips";
			dstSubfolderSpec = 16;
			files = (
				04B5DF45289649AF00AE7FFF /* Clip.app in Embed App Clips */,
			);
			name = "Embed App Clips";
			runOnlyForDeploymentPostprocessing = 0;
		};
/* End PBXCopyFilesBuildPhase section */

/* Begin PBXFileReference section */
		04614D062896485600C2A532 /* SwiftUIAppClip.app */ = {isa = PBXFileReference; explicitFileType = wrapper.application; includeInIndex = 0; path = SwiftUIAppClip.app; sourceTree = BUILT_PRODUCTS_DIR; };
		04614D092896485600C2A532 /* SwiftUIAppClipApp.swift */ = {isa = PBXFileReference; lastKnownFileType = sourcecode.swift; path = SwiftUIAppClipApp.swift; sourceTree = "<group>"; };
		04614D0B2896485600C2A532 /* ContentView.swift */ = {isa = PBXFileReference; lastKnownFileType = sourcecode.swift; path = ContentView.swift; sourceTree = "<group>"; };
		04614D0D2896485700C2A532 /* Assets.xcassets */ = {isa = PBXFileReference; lastKnownFileType = folder.assetcatalog; path = Assets.xcassets; sourceTree = "<group>"; };
		04614D162896485700C2A532 /* SwiftUIAppClipTests.xctest */ = {isa = PBXFileReference; explicitFileType = wrapper.cfbundle; includeInIndex = 0; path = SwiftUIAppClipTests.xctest; sourceTree = BUILT_PRODUCTS_DIR; };
		04614D1A2896485700C2A532 /* SwiftUIAppClipTests.swift */ = {isa = PBXFileReference; lastKnownFileType = sourcecode.swift; path = SwiftUIAppClipTests.swift; sourceTree = "<group>"; };
		04614D202896485700C2A532 /* SwiftUIAppClipUITests.xctest */ = {isa = PBXFileReference; explicitFileType = wrapper.cfbundle; includeInIndex = 0; path = SwiftUIAppClipUITests.xctest; sourceTree = BUILT_PRODUCTS_DIR; };
		04614D242896485700C2A532 /* SwiftUIAppClipUITests.swift */ = {isa = PBXFileReference; lastKnownFileType = sourcecode.swift; path = SwiftUIAppClipUITests.swift; sourceTree = "<group>"; };
		04614D262896485700C2A532 /* SwiftUIAppClipUITestsLaunchTests.swift */ = {isa = PBXFileReference; lastKnownFileType = sourcecode.swift; path = SwiftUIAppClipUITestsLaunchTests.swift; sourceTree = "<group>"; };
		04B5DF20289649AD00AE7FFF /* Clip.app */ = {isa = PBXFileReference; explicitFileType = wrapper.application; includeInIndex = 0; path = Clip.app; sourceTree = BUILT_PRODUCTS_DIR; };
		04B5DF22289649AD00AE7FFF /* ClipApp.swift */ = {isa = PBXFileReference; lastKnownFileType = sourcecode.swift; path = ClipApp.swift; sourceTree = "<group>"; };
		04B5DF24289649AD00AE7FFF /* ContentView.swift */ = {isa = PBXFileReference; lastKnownFileType = sourcecode.swift; path = ContentView.swift; sourceTree = "<group>"; };
		04B5DF26289649AE00AE7FFF /* Assets.xcassets */ = {isa = PBXFileReference; lastKnownFileType = folder.assetcatalog; path = Assets.xcassets; sourceTree = "<group>"; };
		04B5DF29289649AE00AE7FFF /* Preview Assets.xcassets */ = {isa = PBXFileReference; lastKnownFileType = folder.assetcatalog; path = "Preview Assets.xcassets"; sourceTree = "<group>"; };
		04B5DF2B289649AE00AE7FFF /* Info.plist */ = {isa = PBXFileReference; lastKnownFileType = text.plist.xml; path = Info.plist; sourceTree = "<group>"; };
		04B5DF2C289649AE00AE7FFF /* Clip.entitlements */ = {isa = PBXFileReference; lastKnownFileType = text.plist.entitlements; path = Clip.entitlements; sourceTree = "<group>"; };
		04B5DF31289649AF00AE7FFF /* ClipTests.xctest */ = {isa = PBXFileReference; explicitFileType = wrapper.cfbundle; includeInIndex = 0; path = ClipTests.xctest; sourceTree = BUILT_PRODUCTS_DIR; };
		04B5DF35289649AF00AE7FFF /* ClipTests.swift */ = {isa = PBXFileReference; lastKnownFileType = sourcecode.swift; path = ClipTests.swift; sourceTree = "<group>"; };
		04B5DF3B289649AF00AE7FFF /* ClipUITests.xctest */ = {isa = PBXFileReference; explicitFileType = wrapper.cfbundle; includeInIndex = 0; path = ClipUITests.xctest; sourceTree = BUILT_PRODUCTS_DIR; };
		04B5DF3F289649AF00AE7FFF /* ClipUITests.swift */ = {isa = PBXFileReference; lastKnownFileType = sourcecode.swift; path = ClipUITests.swift; sourceTree = "<group>"; };
		04B5DF41289649AF00AE7FFF /* ClipUITestsLaunchTests.swift */ = {isa = PBXFileReference; lastKnownFileType = sourcecode.swift; path = ClipUITestsLaunchTests.swift; sourceTree = "<group>"; };
		04B5DF5C2897772A00AE7FFF /* Preview Assets.xcassets */ = {isa = PBXFileReference; lastKnownFileType = folder.assetcatalog; path = "Preview Assets.xcassets"; sourceTree = "<group>"; };
		04B5DF5E28977B6200AE7FFF /* SwiftUIAppClip.entitlements */ = {isa = PBXFileReference; lastKnownFileType = text.plist.entitlements; path = SwiftUIAppClip.entitlements; sourceTree = "<group>"; };
		04B5DF612897977900AE7FFF /* Model.swift */ = {isa = PBXFileReference; lastKnownFileType = sourcecode.swift; path = Model.swift; sourceTree = "<group>"; };
		04B5DF64289798C000AE7FFF /* Recipe.swift */ = {isa = PBXFileReference; lastKnownFileType = sourcecode.swift; path = Recipe.swift; sourceTree = "<group>"; };
		04B5DF6A2897B43900AE7FFF /* RecipeView.swift */ = {isa = PBXFileReference; lastKnownFileType = sourcecode.swift; path = RecipeView.swift; sourceTree = "<group>"; };
/* End PBXFileReference section */

/* Begin PBXFrameworksBuildPhase section */
		04614D032896485600C2A532 /* Frameworks */ = {
			isa = PBXFrameworksBuildPhase;
			buildActionMask = 2147483647;
			files = (
			);
			runOnlyForDeploymentPostprocessing = 0;
		};
		04614D132896485700C2A532 /* Frameworks */ = {
			isa = PBXFrameworksBuildPhase;
			buildActionMask = 2147483647;
			files = (
			);
			runOnlyForDeploymentPostprocessing = 0;
		};
		04614D1D2896485700C2A532 /* Frameworks */ = {
			isa = PBXFrameworksBuildPhase;
			buildActionMask = 2147483647;
			files = (
			);
			runOnlyForDeploymentPostprocessing = 0;
		};
		04B5DF1D289649AD00AE7FFF /* Frameworks */ = {
			isa = PBXFrameworksBuildPhase;
			buildActionMask = 2147483647;
			files = (
			);
			runOnlyForDeploymentPostprocessing = 0;
		};
		04B5DF2E289649AF00AE7FFF /* Frameworks */ = {
			isa = PBXFrameworksBuildPhase;
			buildActionMask = 2147483647;
			files = (
			);
			runOnlyForDeploymentPostprocessing = 0;
		};
		04B5DF38289649AF00AE7FFF /* Frameworks */ = {
			isa = PBXFrameworksBuildPhase;
			buildActionMask = 2147483647;
			files = (
			);
			runOnlyForDeploymentPostprocessing = 0;
		};
/* End PBXFrameworksBuildPhase section */

/* Begin PBXGroup section */
		04614CFD2896485600C2A532 = {
			isa = PBXGroup;
			children = (
				04614D082896485600C2A532 /* SwiftUIAppClip */,
				04614D192896485700C2A532 /* SwiftUIAppClipTests */,
				04614D232896485700C2A532 /* SwiftUIAppClipUITests */,
				04B5DF21289649AD00AE7FFF /* Clip */,
				04B5DF34289649AF00AE7FFF /* ClipTests */,
				04B5DF3E289649AF00AE7FFF /* ClipUITests */,
				04614D072896485600C2A532 /* Products */,
			);
			sourceTree = "<group>";
		};
		04614D072896485600C2A532 /* Products */ = {
			isa = PBXGroup;
			children = (
				04614D062896485600C2A532 /* SwiftUIAppClip.app */,
				04614D162896485700C2A532 /* SwiftUIAppClipTests.xctest */,
				04614D202896485700C2A532 /* SwiftUIAppClipUITests.xctest */,
				04B5DF20289649AD00AE7FFF /* Clip.app */,
				04B5DF31289649AF00AE7FFF /* ClipTests.xctest */,
				04B5DF3B289649AF00AE7FFF /* ClipUITests.xctest */,
			);
			name = Products;
			sourceTree = "<group>";
		};
		04614D082896485600C2A532 /* SwiftUIAppClip */ = {
			isa = PBXGroup;
			children = (
				04B5DF5E28977B6200AE7FFF /* SwiftUIAppClip.entitlements */,
				04614D092896485600C2A532 /* SwiftUIAppClipApp.swift */,
				04B5DF592897748C00AE7FFF /* Navigation */,
				04B5DF582897747600AE7FFF /* Components */,
				04B5DF5B289774FC00AE7FFF /* Resources */,
				04B5DF572897746E00AE7FFF /* Model */,
				04B5DF632897989900AE7FFF /* Recipe */,
			);
			path = SwiftUIAppClip;
			sourceTree = "<group>";
		};
		04614D192896485700C2A532 /* SwiftUIAppClipTests */ = {
			isa = PBXGroup;
			children = (
				04614D1A2896485700C2A532 /* SwiftUIAppClipTests.swift */,
			);
			path = SwiftUIAppClipTests;
			sourceTree = "<group>";
		};
		04614D232896485700C2A532 /* SwiftUIAppClipUITests */ = {
			isa = PBXGroup;
			children = (
				04614D242896485700C2A532 /* SwiftUIAppClipUITests.swift */,
				04614D262896485700C2A532 /* SwiftUIAppClipUITestsLaunchTests.swift */,
			);
			path = SwiftUIAppClipUITests;
			sourceTree = "<group>";
		};
		04B5DF21289649AD00AE7FFF /* Clip */ = {
			isa = PBXGroup;
			children = (
				04B5DF22289649AD00AE7FFF /* ClipApp.swift */,
				04B5DF24289649AD00AE7FFF /* ContentView.swift */,
				04B5DF26289649AE00AE7FFF /* Assets.xcassets */,
				04B5DF2B289649AE00AE7FFF /* Info.plist */,
				04B5DF2C289649AE00AE7FFF /* Clip.entitlements */,
				04B5DF28289649AE00AE7FFF /* Preview Content */,
			);
			path = Clip;
			sourceTree = "<group>";
		};
		04B5DF28289649AE00AE7FFF /* Preview Content */ = {
			isa = PBXGroup;
			children = (
				04B5DF29289649AE00AE7FFF /* Preview Assets.xcassets */,
			);
			path = "Preview Content";
			sourceTree = "<group>";
		};
		04B5DF34289649AF00AE7FFF /* ClipTests */ = {
			isa = PBXGroup;
			children = (
				04B5DF35289649AF00AE7FFF /* ClipTests.swift */,
			);
			path = ClipTests;
			sourceTree = "<group>";
		};
		04B5DF3E289649AF00AE7FFF /* ClipUITests */ = {
			isa = PBXGroup;
			children = (
				04B5DF3F289649AF00AE7FFF /* ClipUITests.swift */,
				04B5DF41289649AF00AE7FFF /* ClipUITestsLaunchTests.swift */,
			);
			path = ClipUITests;
			sourceTree = "<group>";
		};
		04B5DF572897746E00AE7FFF /* Model */ = {
			isa = PBXGroup;
			children = (
				04B5DF612897977900AE7FFF /* Model.swift */,
			);
			path = Model;
			sourceTree = "<group>";
		};
		04B5DF582897747600AE7FFF /* Components */ = {
			isa = PBXGroup;
			children = (
			);
			path = Components;
			sourceTree = "<group>";
		};
		04B5DF592897748C00AE7FFF /* Navigation */ = {
			isa = PBXGroup;
			children = (
				04614D0B2896485600C2A532 /* ContentView.swift */,
				04B5DF6A2897B43900AE7FFF /* RecipeView.swift */,
			);
			path = Navigation;
			sourceTree = "<group>";
		};
		04B5DF5B289774FC00AE7FFF /* Resources */ = {
			isa = PBXGroup;
			children = (
				04B5DF5C2897772A00AE7FFF /* Preview Assets.xcassets */,
				04614D0D2896485700C2A532 /* Assets.xcassets */,
			);
			path = Resources;
			sourceTree = "<group>";
		};
		04B5DF632897989900AE7FFF /* Recipe */ = {
			isa = PBXGroup;
			children = (
				04B5DF64289798C000AE7FFF /* Recipe.swift */,
			);
			path = Recipe;
			sourceTree = "<group>";
		};
/* End PBXGroup section */

/* Begin PBXNativeTarget section */
		04614D052896485600C2A532 /* SwiftUIAppClip */ = {
			isa = PBXNativeTarget;
			buildConfigurationList = 04614D2A2896485700C2A532 /* Build configuration list for PBXNativeTarget "SwiftUIAppClip" */;
			buildPhases = (
				04614D022896485600C2A532 /* Sources */,
				04614D032896485600C2A532 /* Frameworks */,
				04614D042896485600C2A532 /* Resources */,
				04B5DF46289649AF00AE7FFF /* Embed App Clips */,
			);
			buildRules = (
			);
			dependencies = (
				04B5DF44289649AF00AE7FFF /* PBXTargetDependency */,
			);
			name = SwiftUIAppClip;
			productName = SwiftUIAppClip;
			productReference = 04614D062896485600C2A532 /* SwiftUIAppClip.app */;
			productType = "com.apple.product-type.application";
		};
		04614D152896485700C2A532 /* SwiftUIAppClipTests */ = {
			isa = PBXNativeTarget;
			buildConfigurationList = 04614D2D2896485700C2A532 /* Build configuration list for PBXNativeTarget "SwiftUIAppClipTests" */;
			buildPhases = (
				04614D122896485700C2A532 /* Sources */,
				04614D132896485700C2A532 /* Frameworks */,
				04614D142896485700C2A532 /* Resources */,
			);
			buildRules = (
			);
			dependencies = (
				04614D182896485700C2A532 /* PBXTargetDependency */,
			);
			name = SwiftUIAppClipTests;
			productName = SwiftUIAppClipTests;
			productReference = 04614D162896485700C2A532 /* SwiftUIAppClipTests.xctest */;
			productType = "com.apple.product-type.bundle.unit-test";
		};
		04614D1F2896485700C2A532 /* SwiftUIAppClipUITests */ = {
			isa = PBXNativeTarget;
			buildConfigurationList = 04614D302896485700C2A532 /* Build configuration list for PBXNativeTarget "SwiftUIAppClipUITests" */;
			buildPhases = (
				04614D1C2896485700C2A532 /* Sources */,
				04614D1D2896485700C2A532 /* Frameworks */,
				04614D1E2896485700C2A532 /* Resources */,
			);
			buildRules = (
			);
			dependencies = (
				04614D222896485700C2A532 /* PBXTargetDependency */,
			);
			name = SwiftUIAppClipUITests;
			productName = SwiftUIAppClipUITests;
			productReference = 04614D202896485700C2A532 /* SwiftUIAppClipUITests.xctest */;
			productType = "com.apple.product-type.bundle.ui-testing";
		};
		04B5DF1F289649AD00AE7FFF /* Clip */ = {
			isa = PBXNativeTarget;
			buildConfigurationList = 04B5DF4D289649AF00AE7FFF /* Build configuration list for PBXNativeTarget "Clip" */;
			buildPhases = (
				04B5DF1C289649AD00AE7FFF /* Sources */,
				04B5DF1D289649AD00AE7FFF /* Frameworks */,
				04B5DF1E289649AD00AE7FFF /* Resources */,
			);
			buildRules = (
			);
			dependencies = (
			);
			name = Clip;
			productName = Clip;
			productReference = 04B5DF20289649AD00AE7FFF /* Clip.app */;
			productType = "com.apple.product-type.application.on-demand-install-capable";
		};
		04B5DF30289649AF00AE7FFF /* ClipTests */ = {
			isa = PBXNativeTarget;
			buildConfigurationList = 04B5DF4E289649AF00AE7FFF /* Build configuration list for PBXNativeTarget "ClipTests" */;
			buildPhases = (
				04B5DF2D289649AF00AE7FFF /* Sources */,
				04B5DF2E289649AF00AE7FFF /* Frameworks */,
				04B5DF2F289649AF00AE7FFF /* Resources */,
			);
			buildRules = (
			);
			dependencies = (
				04B5DF33289649AF00AE7FFF /* PBXTargetDependency */,
			);
			name = ClipTests;
			productName = ClipTests;
			productReference = 04B5DF31289649AF00AE7FFF /* ClipTests.xctest */;
			productType = "com.apple.product-type.bundle.unit-test";
		};
		04B5DF3A289649AF00AE7FFF /* ClipUITests */ = {
			isa = PBXNativeTarget;
			buildConfigurationList = 04B5DF4F289649AF00AE7FFF /* Build configuration list for PBXNativeTarget "ClipUITests" */;
			buildPhases = (
				04B5DF37289649AF00AE7FFF /* Sources */,
				04B5DF38289649AF00AE7FFF /* Frameworks */,
				04B5DF39289649AF00AE7FFF /* Resources */,
			);
			buildRules = (
			);
			dependencies = (
				04B5DF3D289649AF00AE7FFF /* PBXTargetDependency */,
			);
			name = ClipUITests;
			productName = ClipUITests;
			productReference = 04B5DF3B289649AF00AE7FFF /* ClipUITests.xctest */;
			productType = "com.apple.product-type.bundle.ui-testing";
		};
/* End PBXNativeTarget section */

/* Begin PBXProject section */
		04614CFE2896485600C2A532 /* Project object */ = {
			isa = PBXProject;
			attributes = {
				BuildIndependentTargetsInParallel = 1;
				LastSwiftUpdateCheck = 1340;
				LastUpgradeCheck = 1340;
				TargetAttributes = {
					04614D052896485600C2A532 = {
						CreatedOnToolsVersion = 13.4.1;
					};
					04614D152896485700C2A532 = {
						CreatedOnToolsVersion = 13.4.1;
						TestTargetID = 04614D052896485600C2A532;
					};
					04614D1F2896485700C2A532 = {
						CreatedOnToolsVersion = 13.4.1;
						TestTargetID = 04614D052896485600C2A532;
					};
					04B5DF1F289649AD00AE7FFF = {
						CreatedOnToolsVersion = 13.4.1;
					};
					04B5DF30289649AF00AE7FFF = {
						CreatedOnToolsVersion = 13.4.1;
						TestTargetID = 04B5DF1F289649AD00AE7FFF;
					};
					04B5DF3A289649AF00AE7FFF = {
						CreatedOnToolsVersion = 13.4.1;
						TestTargetID = 04B5DF1F289649AD00AE7FFF;
					};
				};
			};
			buildConfigurationList = 04614D012896485600C2A532 /* Build configuration list for PBXProject "SwiftUIAppClip" */;
			compatibilityVersion = "Xcode 13.0";
			developmentRegion = en;
			hasScannedForEncodings = 0;
			knownRegions = (
				en,
				Base,
			);
			mainGroup = 04614CFD2896485600C2A532;
			productRefGroup = 04614D072896485600C2A532 /* Products */;
			projectDirPath = "";
			projectRoot = "";
			targets = (
				04614D052896485600C2A532 /* SwiftUIAppClip */,
				04614D152896485700C2A532 /* SwiftUIAppClipTests */,
				04614D1F2896485700C2A532 /* SwiftUIAppClipUITests */,
				04B5DF1F289649AD00AE7FFF /* Clip */,
				04B5DF30289649AF00AE7FFF /* ClipTests */,
				04B5DF3A289649AF00AE7FFF /* ClipUITests */,
			);
		};
/* End PBXProject section */

/* Begin PBXResourcesBuildPhase section */
		04614D042896485600C2A532 /* Resources */ = {
			isa = PBXResourcesBuildPhase;
			buildActionMask = 2147483647;
			files = (
				04B5DF5D2897772A00AE7FFF /* Preview Assets.xcassets in Resources */,
				04614D0E2896485700C2A532 /* Assets.xcassets in Resources */,
			);
			runOnlyForDeploymentPostprocessing = 0;
		};
		04614D142896485700C2A532 /* Resources */ = {
			isa = PBXResourcesBuildPhase;
			buildActionMask = 2147483647;
			files = (
			);
			runOnlyForDeploymentPostprocessing = 0;
		};
		04614D1E2896485700C2A532 /* Resources */ = {
			isa = PBXResourcesBuildPhase;
			buildActionMask = 2147483647;
			files = (
			);
			runOnlyForDeploymentPostprocessing = 0;
		};
		04B5DF1E289649AD00AE7FFF /* Resources */ = {
			isa = PBXResourcesBuildPhase;
			buildActionMask = 2147483647;
			files = (
				04B5DF2A289649AE00AE7FFF /* Preview Assets.xcassets in Resources */,
				04B5DF27289649AE00AE7FFF /* Assets.xcassets in Resources */,
			);
			runOnlyForDeploymentPostprocessing = 0;
		};
		04B5DF2F289649AF00AE7FFF /* Resources */ = {
			isa = PBXResourcesBuildPhase;
			buildActionMask = 2147483647;
			files = (
			);
			runOnlyForDeploymentPostprocessing = 0;
		};
		04B5DF39289649AF00AE7FFF /* Resources */ = {
			isa = PBXResourcesBuildPhase;
			buildActionMask = 2147483647;
			files = (
			);
			runOnlyForDeploymentPostprocessing = 0;
		};
/* End PBXResourcesBuildPhase section */

/* Begin PBXSourcesBuildPhase section */
		04614D022896485600C2A532 /* Sources */ = {
			isa = PBXSourcesBuildPhase;
			buildActionMask = 2147483647;
			files = (
				04614D0C2896485600C2A532 /* ContentView.swift in Sources */,
				04614D0A2896485600C2A532 /* SwiftUIAppClipApp.swift in Sources */,
				04B5DF622897977900AE7FFF /* Model.swift in Sources */,
				04B5DF6B2897B43900AE7FFF /* RecipeView.swift in Sources */,
				04B5DF65289798C000AE7FFF /* Recipe.swift in Sources */,
			);
			runOnlyForDeploymentPostprocessing = 0;
		};
		04614D122896485700C2A532 /* Sources */ = {
			isa = PBXSourcesBuildPhase;
			buildActionMask = 2147483647;
			files = (
				04614D1B2896485700C2A532 /* SwiftUIAppClipTests.swift in Sources */,
			);
			runOnlyForDeploymentPostprocessing = 0;
		};
		04614D1C2896485700C2A532 /* Sources */ = {
			isa = PBXSourcesBuildPhase;
			buildActionMask = 2147483647;
			files = (
				04614D272896485700C2A532 /* SwiftUIAppClipUITestsLaunchTests.swift in Sources */,
				04614D252896485700C2A532 /* SwiftUIAppClipUITests.swift in Sources */,
			);
			runOnlyForDeploymentPostprocessing = 0;
		};
		04B5DF1C289649AD00AE7FFF /* Sources */ = {
			isa = PBXSourcesBuildPhase;
			buildActionMask = 2147483647;
			files = (
				04B5DF25289649AD00AE7FFF /* ContentView.swift in Sources */,
				04B5DF23289649AD00AE7FFF /* ClipApp.swift in Sources */,
			);
			runOnlyForDeploymentPostprocessing = 0;
		};
		04B5DF2D289649AF00AE7FFF /* Sources */ = {
			isa = PBXSourcesBuildPhase;
			buildActionMask = 2147483647;
			files = (
				04B5DF36289649AF00AE7FFF /* ClipTests.swift in Sources */,
			);
			runOnlyForDeploymentPostprocessing = 0;
		};
		04B5DF37289649AF00AE7FFF /* Sources */ = {
			isa = PBXSourcesBuildPhase;
			buildActionMask = 2147483647;
			files = (
				04B5DF42289649AF00AE7FFF /* ClipUITestsLaunchTests.swift in Sources */,
				04B5DF40289649AF00AE7FFF /* ClipUITests.swift in Sources */,
			);
			runOnlyForDeploymentPostprocessing = 0;
		};
/* End PBXSourcesBuildPhase section */

/* Begin PBXTargetDependency section */
		04614D182896485700C2A532 /* PBXTargetDependency */ = {
			isa = PBXTargetDependency;
			target = 04614D052896485600C2A532 /* SwiftUIAppClip */;
			targetProxy = 04614D172896485700C2A532 /* PBXContainerItemProxy */;
		};
		04614D222896485700C2A532 /* PBXTargetDependency */ = {
			isa = PBXTargetDependency;
			target = 04614D052896485600C2A532 /* SwiftUIAppClip */;
			targetProxy = 04614D212896485700C2A532 /* PBXContainerItemProxy */;
		};
		04B5DF33289649AF00AE7FFF /* PBXTargetDependency */ = {
			isa = PBXTargetDependency;
			target = 04B5DF1F289649AD00AE7FFF /* Clip */;
			targetProxy = 04B5DF32289649AF00AE7FFF /* PBXContainerItemProxy */;
		};
		04B5DF3D289649AF00AE7FFF /* PBXTargetDependency */ = {
			isa = PBXTargetDependency;
			target = 04B5DF1F289649AD00AE7FFF /* Clip */;
			targetProxy = 04B5DF3C289649AF00AE7FFF /* PBXContainerItemProxy */;
		};
		04B5DF44289649AF00AE7FFF /* PBXTargetDependency */ = {
			isa = PBXTargetDependency;
			target = 04B5DF1F289649AD00AE7FFF /* Clip */;
			targetProxy = 04B5DF43289649AF00AE7FFF /* PBXContainerItemProxy */;
		};
/* End PBXTargetDependency section */

/* Begin XCBuildConfiguration section */
		04614D282896485700C2A532 /* Debug */ = {
			isa = XCBuildConfiguration;
			buildSettings = {
				ALWAYS_SEARCH_USER_PATHS = NO;
				CLANG_ANALYZER_NONNULL = YES;
				CLANG_ANALYZER_NUMBER_OBJECT_CONVERSION = YES_AGGRESSIVE;
				CLANG_CXX_LANGUAGE_STANDARD = "gnu++17";
				CLANG_ENABLE_MODULES = YES;
				CLANG_ENABLE_OBJC_ARC = YES;
				CLANG_ENABLE_OBJC_WEAK = YES;
				CLANG_WARN_BLOCK_CAPTURE_AUTORELEASING = YES;
				CLANG_WARN_BOOL_CONVERSION = YES;
				CLANG_WARN_COMMA = YES;
				CLANG_WARN_CONSTANT_CONVERSION = YES;
				CLANG_WARN_DEPRECATED_OBJC_IMPLEMENTATIONS = YES;
				CLANG_WARN_DIRECT_OBJC_ISA_USAGE = YES_ERROR;
				CLANG_WARN_DOCUMENTATION_COMMENTS = YES;
				CLANG_WARN_EMPTY_BODY = YES;
				CLANG_WARN_ENUM_CONVERSION = YES;
				CLANG_WARN_INFINITE_RECURSION = YES;
				CLANG_WARN_INT_CONVERSION = YES;
				CLANG_WARN_NON_LITERAL_NULL_CONVERSION = YES;
				CLANG_WARN_OBJC_IMPLICIT_RETAIN_SELF = YES;
				CLANG_WARN_OBJC_LITERAL_CONVERSION = YES;
				CLANG_WARN_OBJC_ROOT_CLASS = YES_ERROR;
				CLANG_WARN_QUOTED_INCLUDE_IN_FRAMEWORK_HEADER = YES;
				CLANG_WARN_RANGE_LOOP_ANALYSIS = YES;
				CLANG_WARN_STRICT_PROTOTYPES = YES;
				CLANG_WARN_SUSPICIOUS_MOVE = YES;
				CLANG_WARN_UNGUARDED_AVAILABILITY = YES_AGGRESSIVE;
				CLANG_WARN_UNREACHABLE_CODE = YES;
				CLANG_WARN__DUPLICATE_METHOD_MATCH = YES;
				COPY_PHASE_STRIP = NO;
				DEBUG_INFORMATION_FORMAT = dwarf;
				ENABLE_STRICT_OBJC_MSGSEND = YES;
				ENABLE_TESTABILITY = YES;
				GCC_C_LANGUAGE_STANDARD = gnu11;
				GCC_DYNAMIC_NO_PIC = NO;
				GCC_NO_COMMON_BLOCKS = YES;
				GCC_OPTIMIZATION_LEVEL = 0;
				GCC_PREPROCESSOR_DEFINITIONS = (
					"DEBUG=1",
					"$(inherited)",
				);
				GCC_WARN_64_TO_32_BIT_CONVERSION = YES;
				GCC_WARN_ABOUT_RETURN_TYPE = YES_ERROR;
				GCC_WARN_UNDECLARED_SELECTOR = YES;
				GCC_WARN_UNINITIALIZED_AUTOS = YES_AGGRESSIVE;
				GCC_WARN_UNUSED_FUNCTION = YES;
				GCC_WARN_UNUSED_VARIABLE = YES;
				IPHONEOS_DEPLOYMENT_TARGET = 15.5;
				MTL_ENABLE_DEBUG_INFO = INCLUDE_SOURCE;
				MTL_FAST_MATH = YES;
				ONLY_ACTIVE_ARCH = YES;
				SDKROOT = iphoneos;
				SWIFT_ACTIVE_COMPILATION_CONDITIONS = DEBUG;
				SWIFT_OPTIMIZATION_LEVEL = "-Onone";
			};
			name = Debug;
		};
		04614D292896485700C2A532 /* Release */ = {
			isa = XCBuildConfiguration;
			buildSettings = {
				ALWAYS_SEARCH_USER_PATHS = NO;
				CLANG_ANALYZER_NONNULL = YES;
				CLANG_ANALYZER_NUMBER_OBJECT_CONVERSION = YES_AGGRESSIVE;
				CLANG_CXX_LANGUAGE_STANDARD = "gnu++17";
				CLANG_ENABLE_MODULES = YES;
				CLANG_ENABLE_OBJC_ARC = YES;
				CLANG_ENABLE_OBJC_WEAK = YES;
				CLANG_WARN_BLOCK_CAPTURE_AUTORELEASING = YES;
				CLANG_WARN_BOOL_CONVERSION = YES;
				CLANG_WARN_COMMA = YES;
				CLANG_WARN_CONSTANT_CONVERSION = YES;
				CLANG_WARN_DEPRECATED_OBJC_IMPLEMENTATIONS = YES;
				CLANG_WARN_DIRECT_OBJC_ISA_USAGE = YES_ERROR;
				CLANG_WARN_DOCUMENTATION_COMMENTS = YES;
				CLANG_WARN_EMPTY_BODY = YES;
				CLANG_WARN_ENUM_CONVERSION = YES;
				CLANG_WARN_INFINITE_RECURSION = YES;
				CLANG_WARN_INT_CONVERSION = YES;
				CLANG_WARN_NON_LITERAL_NULL_CONVERSION = YES;
				CLANG_WARN_OBJC_IMPLICIT_RETAIN_SELF = YES;
				CLANG_WARN_OBJC_LITERAL_CONVERSION = YES;
				CLANG_WARN_OBJC_ROOT_CLASS = YES_ERROR;
				CLANG_WARN_QUOTED_INCLUDE_IN_FRAMEWORK_HEADER = YES;
				CLANG_WARN_RANGE_LOOP_ANALYSIS = YES;
				CLANG_WARN_STRICT_PROTOTYPES = YES;
				CLANG_WARN_SUSPICIOUS_MOVE = YES;
				CLANG_WARN_UNGUARDED_AVAILABILITY = YES_AGGRESSIVE;
				CLANG_WARN_UNREACHABLE_CODE = YES;
				CLANG_WARN__DUPLICATE_METHOD_MATCH = YES;
				COPY_PHASE_STRIP = NO;
				DEBUG_INFORMATION_FORMAT = "dwarf-with-dsym";
				ENABLE_NS_ASSERTIONS = NO;
				ENABLE_STRICT_OBJC_MSGSEND = YES;
				GCC_C_LANGUAGE_STANDARD = gnu11;
				GCC_NO_COMMON_BLOCKS = YES;
				GCC_WARN_64_TO_32_BIT_CONVERSION = YES;
				GCC_WARN_ABOUT_RETURN_TYPE = YES_ERROR;
				GCC_WARN_UNDECLARED_SELECTOR = YES;
				GCC_WARN_UNINITIALIZED_AUTOS = YES_AGGRESSIVE;
				GCC_WARN_UNUSED_FUNCTION = YES;
				GCC_WARN_UNUSED_VARIABLE = YES;
				IPHONEOS_DEPLOYMENT_TARGET = 15.5;
				MTL_ENABLE_DEBUG_INFO = NO;
				MTL_FAST_MATH = YES;
				SDKROOT = iphoneos;
				SWIFT_COMPILATION_MODE = wholemodule;
				SWIFT_OPTIMIZATION_LEVEL = "-O";
				VALIDATE_PRODUCT = YES;
			};
			name = Release;
		};
		04614D2B2896485700C2A532 /* Debug */ = {
			isa = XCBuildConfiguration;
			buildSettings = {
				ALWAYS_EMBED_SWIFT_STANDARD_LIBRARIES = YES;
				ASSETCATALOG_COMPILER_APPICON_NAME = AppIcon;
				ASSETCATALOG_COMPILER_GLOBAL_ACCENT_COLOR_NAME = AccentColor;
				CODE_SIGN_ENTITLEMENTS = SwiftUIAppClip/SwiftUIAppClip.entitlements;
				CODE_SIGN_STYLE = Automatic;
				CURRENT_PROJECT_VERSION = 1;
				DEVELOPMENT_ASSET_PATHS = "\"SwiftUIAppClip/Preview Content\"";
				DEVELOPMENT_TEAM = TDUR55YWW6;
				ENABLE_PREVIEWS = YES;
				GENERATE_INFOPLIST_FILE = YES;
				INFOPLIST_KEY_UIApplicationSceneManifest_Generation = YES;
				INFOPLIST_KEY_UIApplicationSupportsIndirectInputEvents = YES;
				INFOPLIST_KEY_UILaunchScreen_Generation = YES;
				INFOPLIST_KEY_UISupportedInterfaceOrientations_iPad = "UIInterfaceOrientationPortrait UIInterfaceOrientationPortraitUpsideDown UIInterfaceOrientationLandscapeLeft UIInterfaceOrientationLandscapeRight";
				INFOPLIST_KEY_UISupportedInterfaceOrientations_iPhone = "UIInterfaceOrientationPortrait UIInterfaceOrientationLandscapeLeft UIInterfaceOrientationLandscapeRight";
				LD_RUNPATH_SEARCH_PATHS = (
					"$(inherited)",
					"@executable_path/Frameworks",
				);
				MARKETING_VERSION = 1.0;
				PRODUCT_BUNDLE_IDENTIFIER = net.ognam.SwiftUIAppClip;
				PRODUCT_NAME = "$(TARGET_NAME)";
				SWIFT_EMIT_LOC_STRINGS = YES;
				SWIFT_VERSION = 5.0;
				TARGETED_DEVICE_FAMILY = 1;
			};
			name = Debug;
		};
		04614D2C2896485700C2A532 /* Release */ = {
			isa = XCBuildConfiguration;
			buildSettings = {
				ALWAYS_EMBED_SWIFT_STANDARD_LIBRARIES = YES;
				ASSETCATALOG_COMPILER_APPICON_NAME = AppIcon;
				ASSETCATALOG_COMPILER_GLOBAL_ACCENT_COLOR_NAME = AccentColor;
				CODE_SIGN_ENTITLEMENTS = SwiftUIAppClip/SwiftUIAppClip.entitlements;
				CODE_SIGN_STYLE = Automatic;
				CURRENT_PROJECT_VERSION = 1;
				DEVELOPMENT_ASSET_PATHS = "\"SwiftUIAppClip/Preview Content\"";
				DEVELOPMENT_TEAM = TDUR55YWW6;
				ENABLE_PREVIEWS = YES;
				GENERATE_INFOPLIST_FILE = YES;
				INFOPLIST_KEY_UIApplicationSceneManifest_Generation = YES;
				INFOPLIST_KEY_UIApplicationSupportsIndirectInputEvents = YES;
				INFOPLIST_KEY_UILaunchScreen_Generation = YES;
				INFOPLIST_KEY_UISupportedInterfaceOrientations_iPad = "UIInterfaceOrientationPortrait UIInterfaceOrientationPortraitUpsideDown UIInterfaceOrientationLandscapeLeft UIInterfaceOrientationLandscapeRight";
				INFOPLIST_KEY_UISupportedInterfaceOrientations_iPhone = "UIInterfaceOrientationPortrait UIInterfaceOrientationLandscapeLeft UIInterfaceOrientationLandscapeRight";
				LD_RUNPATH_SEARCH_PATHS = (
					"$(inherited)",
					"@executable_path/Frameworks",
				);
				MARKETING_VERSION = 1.0;
				PRODUCT_BUNDLE_IDENTIFIER = net.ognam.SwiftUIAppClip;
				PRODUCT_NAME = "$(TARGET_NAME)";
				SWIFT_EMIT_LOC_STRINGS = YES;
				SWIFT_VERSION = 5.0;
				TARGETED_DEVICE_FAMILY = 1;
			};
			name = Release;
		};
		04614D2E2896485700C2A532 /* Debug */ = {
			isa = XCBuildConfiguration;
			buildSettings = {
				ALWAYS_EMBED_SWIFT_STANDARD_LIBRARIES = YES;
				BUNDLE_LOADER = "$(TEST_HOST)";
				CODE_SIGN_STYLE = Automatic;
				CURRENT_PROJECT_VERSION = 1;
				DEVELOPMENT_TEAM = TDUR55YWW6;
				GENERATE_INFOPLIST_FILE = YES;
				IPHONEOS_DEPLOYMENT_TARGET = 15.5;
				MARKETING_VERSION = 1.0;
				PRODUCT_BUNDLE_IDENTIFIER = net.ognam.SwiftUIAppClipTests;
				PRODUCT_NAME = "$(TARGET_NAME)";
				SWIFT_EMIT_LOC_STRINGS = NO;
				SWIFT_VERSION = 5.0;
				TARGETED_DEVICE_FAMILY = "1,2";
				TEST_HOST = "$(BUILT_PRODUCTS_DIR)/SwiftUIAppClip.app/SwiftUIAppClip";
			};
			name = Debug;
		};
		04614D2F2896485700C2A532 /* Release */ = {
			isa = XCBuildConfiguration;
			buildSettings = {
				ALWAYS_EMBED_SWIFT_STANDARD_LIBRARIES = YES;
				BUNDLE_LOADER = "$(TEST_HOST)";
				CODE_SIGN_STYLE = Automatic;
				CURRENT_PROJECT_VERSION = 1;
				DEVELOPMENT_TEAM = TDUR55YWW6;
				GENERATE_INFOPLIST_FILE = YES;
				IPHONEOS_DEPLOYMENT_TARGET = 15.5;
				MARKETING_VERSION = 1.0;
				PRODUCT_BUNDLE_IDENTIFIER = net.ognam.SwiftUIAppClipTests;
				PRODUCT_NAME = "$(TARGET_NAME)";
				SWIFT_EMIT_LOC_STRINGS = NO;
				SWIFT_VERSION = 5.0;
				TARGETED_DEVICE_FAMILY = "1,2";
				TEST_HOST = "$(BUILT_PRODUCTS_DIR)/SwiftUIAppClip.app/SwiftUIAppClip";
			};
			name = Release;
		};
		04614D312896485700C2A532 /* Debug */ = {
			isa = XCBuildConfiguration;
			buildSettings = {
				ALWAYS_EMBED_SWIFT_STANDARD_LIBRARIES = YES;
				CODE_SIGN_STYLE = Automatic;
				CURRENT_PROJECT_VERSION = 1;
				DEVELOPMENT_TEAM = TDUR55YWW6;
				GENERATE_INFOPLIST_FILE = YES;
				MARKETING_VERSION = 1.0;
				PRODUCT_BUNDLE_IDENTIFIER = net.ognam.SwiftUIAppClipUITests;
				PRODUCT_NAME = "$(TARGET_NAME)";
				SWIFT_EMIT_LOC_STRINGS = NO;
				SWIFT_VERSION = 5.0;
				TARGETED_DEVICE_FAMILY = "1,2";
				TEST_TARGET_NAME = SwiftUIAppClip;
			};
			name = Debug;
		};
		04614D322896485700C2A532 /* Release */ = {
			isa = XCBuildConfiguration;
			buildSettings = {
				ALWAYS_EMBED_SWIFT_STANDARD_LIBRARIES = YES;
				CODE_SIGN_STYLE = Automatic;
				CURRENT_PROJECT_VERSION = 1;
				DEVELOPMENT_TEAM = TDUR55YWW6;
				GENERATE_INFOPLIST_FILE = YES;
				MARKETING_VERSION = 1.0;
				PRODUCT_BUNDLE_IDENTIFIER = net.ognam.SwiftUIAppClipUITests;
				PRODUCT_NAME = "$(TARGET_NAME)";
				SWIFT_EMIT_LOC_STRINGS = NO;
				SWIFT_VERSION = 5.0;
				TARGETED_DEVICE_FAMILY = "1,2";
				TEST_TARGET_NAME = SwiftUIAppClip;
			};
			name = Release;
		};
		04B5DF47289649AF00AE7FFF /* Debug */ = {
			isa = XCBuildConfiguration;
			buildSettings = {
				ASSETCATALOG_COMPILER_APPICON_NAME = AppIcon;
				ASSETCATALOG_COMPILER_GLOBAL_ACCENT_COLOR_NAME = AccentColor;
				CODE_SIGN_ENTITLEMENTS = Clip/Clip.entitlements;
				CODE_SIGN_STYLE = Automatic;
				CURRENT_PROJECT_VERSION = 1;
				DEVELOPMENT_ASSET_PATHS = "\"Clip/Preview Content\"";
				DEVELOPMENT_TEAM = TDUR55YWW6;
				ENABLE_PREVIEWS = YES;
				GENERATE_INFOPLIST_FILE = YES;
				INFOPLIST_FILE = Clip/Info.plist;
				INFOPLIST_KEY_CFBundleDisplayName = SwiftUIAppClip;
				INFOPLIST_KEY_UIApplicationSceneManifest_Generation = YES;
				INFOPLIST_KEY_UIApplicationSupportsIndirectInputEvents = YES;
				INFOPLIST_KEY_UILaunchScreen_Generation = YES;
				INFOPLIST_KEY_UISupportedInterfaceOrientations_iPad = "UIInterfaceOrientationPortrait UIInterfaceOrientationPortraitUpsideDown UIInterfaceOrientationLandscapeLeft UIInterfaceOrientationLandscapeRight";
				INFOPLIST_KEY_UISupportedInterfaceOrientations_iPhone = "UIInterfaceOrientationPortrait UIInterfaceOrientationLandscapeLeft UIInterfaceOrientationLandscapeRight";
				LD_RUNPATH_SEARCH_PATHS = (
					"$(inherited)",
					"@executable_path/Frameworks",
				);
				MARKETING_VERSION = 1.0;
				PRODUCT_BUNDLE_IDENTIFIER = net.ognam.SwiftUIAppClip.Clip;
				PRODUCT_NAME = "$(TARGET_NAME)";
				SWIFT_EMIT_LOC_STRINGS = YES;
				SWIFT_VERSION = 5.0;
				TARGETED_DEVICE_FAMILY = "1,2";
			};
			name = Debug;
		};
		04B5DF48289649AF00AE7FFF /* Release */ = {
			isa = XCBuildConfiguration;
			buildSettings = {
				ASSETCATALOG_COMPILER_APPICON_NAME = AppIcon;
				ASSETCATALOG_COMPILER_GLOBAL_ACCENT_COLOR_NAME = AccentColor;
				CODE_SIGN_ENTITLEMENTS = Clip/Clip.entitlements;
				CODE_SIGN_STYLE = Automatic;
				CURRENT_PROJECT_VERSION = 1;
				DEVELOPMENT_ASSET_PATHS = "\"Clip/Preview Content\"";
				DEVELOPMENT_TEAM = TDUR55YWW6;
				ENABLE_PREVIEWS = YES;
				GENERATE_INFOPLIST_FILE = YES;
				INFOPLIST_FILE = Clip/Info.plist;
				INFOPLIST_KEY_CFBundleDisplayName = SwiftUIAppClip;
				INFOPLIST_KEY_UIApplicationSceneManifest_Generation = YES;
				INFOPLIST_KEY_UIApplicationSupportsIndirectInputEvents = YES;
				INFOPLIST_KEY_UILaunchScreen_Generation = YES;
				INFOPLIST_KEY_UISupportedInterfaceOrientations_iPad = "UIInterfaceOrientationPortrait UIInterfaceOrientationPortraitUpsideDown UIInterfaceOrientationLandscapeLeft UIInterfaceOrientationLandscapeRight";
				INFOPLIST_KEY_UISupportedInterfaceOrientations_iPhone = "UIInterfaceOrientationPortrait UIInterfaceOrientationLandscapeLeft UIInterfaceOrientationLandscapeRight";
				LD_RUNPATH_SEARCH_PATHS = (
					"$(inherited)",
					"@executable_path/Frameworks",
				);
				MARKETING_VERSION = 1.0;
				PRODUCT_BUNDLE_IDENTIFIER = net.ognam.SwiftUIAppClip.Clip;
				PRODUCT_NAME = "$(TARGET_NAME)";
				SWIFT_EMIT_LOC_STRINGS = YES;
				SWIFT_VERSION = 5.0;
				TARGETED_DEVICE_FAMILY = "1,2";
			};
			name = Release;
		};
		04B5DF49289649AF00AE7FFF /* Debug */ = {
			isa = XCBuildConfiguration;
			buildSettings = {
				ALWAYS_EMBED_SWIFT_STANDARD_LIBRARIES = YES;
				BUNDLE_LOADER = "$(TEST_HOST)";
				CODE_SIGN_STYLE = Automatic;
				CURRENT_PROJECT_VERSION = 1;
				DEVELOPMENT_TEAM = TDUR55YWW6;
				GENERATE_INFOPLIST_FILE = YES;
				IPHONEOS_DEPLOYMENT_TARGET = 15.5;
				MARKETING_VERSION = 1.0;
				PRODUCT_BUNDLE_IDENTIFIER = net.ognam.SwiftUIAppClip.ClipTests;
				PRODUCT_NAME = "$(TARGET_NAME)";
				SWIFT_EMIT_LOC_STRINGS = NO;
				SWIFT_VERSION = 5.0;
				TARGETED_DEVICE_FAMILY = "1,2";
				TEST_HOST = "$(BUILT_PRODUCTS_DIR)/Clip.app/Clip";
			};
			name = Debug;
		};
		04B5DF4A289649AF00AE7FFF /* Release */ = {
			isa = XCBuildConfiguration;
			buildSettings = {
				ALWAYS_EMBED_SWIFT_STANDARD_LIBRARIES = YES;
				BUNDLE_LOADER = "$(TEST_HOST)";
				CODE_SIGN_STYLE = Automatic;
				CURRENT_PROJECT_VERSION = 1;
				DEVELOPMENT_TEAM = TDUR55YWW6;
				GENERATE_INFOPLIST_FILE = YES;
				IPHONEOS_DEPLOYMENT_TARGET = 15.5;
				MARKETING_VERSION = 1.0;
				PRODUCT_BUNDLE_IDENTIFIER = net.ognam.SwiftUIAppClip.ClipTests;
				PRODUCT_NAME = "$(TARGET_NAME)";
				SWIFT_EMIT_LOC_STRINGS = NO;
				SWIFT_VERSION = 5.0;
				TARGETED_DEVICE_FAMILY = "1,2";
				TEST_HOST = "$(BUILT_PRODUCTS_DIR)/Clip.app/Clip";
			};
			name = Release;
		};
		04B5DF4B289649AF00AE7FFF /* Debug */ = {
			isa = XCBuildConfiguration;
			buildSettings = {
				ALWAYS_EMBED_SWIFT_STANDARD_LIBRARIES = YES;
				CODE_SIGN_STYLE = Automatic;
				CURRENT_PROJECT_VERSION = 1;
				DEVELOPMENT_TEAM = TDUR55YWW6;
				GENERATE_INFOPLIST_FILE = YES;
				MARKETING_VERSION = 1.0;
				PRODUCT_BUNDLE_IDENTIFIER = net.ognam.SwiftUIAppClip.ClipUITests;
				PRODUCT_NAME = "$(TARGET_NAME)";
				SWIFT_EMIT_LOC_STRINGS = NO;
				SWIFT_VERSION = 5.0;
				TARGETED_DEVICE_FAMILY = "1,2";
				TEST_TARGET_NAME = Clip;
			};
			name = Debug;
		};
		04B5DF4C289649AF00AE7FFF /* Release */ = {
			isa = XCBuildConfiguration;
			buildSettings = {
				ALWAYS_EMBED_SWIFT_STANDARD_LIBRARIES = YES;
				CODE_SIGN_STYLE = Automatic;
				CURRENT_PROJECT_VERSION = 1;
				DEVELOPMENT_TEAM = TDUR55YWW6;
				GENERATE_INFOPLIST_FILE = YES;
				MARKETING_VERSION = 1.0;
				PRODUCT_BUNDLE_IDENTIFIER = net.ognam.SwiftUIAppClip.ClipUITests;
				PRODUCT_NAME = "$(TARGET_NAME)";
				SWIFT_EMIT_LOC_STRINGS = NO;
				SWIFT_VERSION = 5.0;
				TARGETED_DEVICE_FAMILY = "1,2";
				TEST_TARGET_NAME = Clip;
			};
			name = Release;
		};
/* End XCBuildConfiguration section */

/* Begin XCConfigurationList section */
		04614D012896485600C2A532 /* Build configuration list for PBXProject "SwiftUIAppClip" */ = {
			isa = XCConfigurationList;
			buildConfigurations = (
				04614D282896485700C2A532 /* Debug */,
				04614D292896485700C2A532 /* Release */,
			);
			defaultConfigurationIsVisible = 0;
			defaultConfigurationName = Release;
		};
		04614D2A2896485700C2A532 /* Build configuration list for PBXNativeTarget "SwiftUIAppClip" */ = {
			isa = XCConfigurationList;
			buildConfigurations = (
				04614D2B2896485700C2A532 /* Debug */,
				04614D2C2896485700C2A532 /* Release */,
			);
			defaultConfigurationIsVisible = 0;
			defaultConfigurationName = Release;
		};
		04614D2D2896485700C2A532 /* Build configuration list for PBXNativeTarget "SwiftUIAppClipTests" */ = {
			isa = XCConfigurationList;
			buildConfigurations = (
				04614D2E2896485700C2A532 /* Debug */,
				04614D2F2896485700C2A532 /* Release */,
			);
			defaultConfigurationIsVisible = 0;
			defaultConfigurationName = Release;
		};
		04614D302896485700C2A532 /* Build configuration list for PBXNativeTarget "SwiftUIAppClipUITests" */ = {
			isa = XCConfigurationList;
			buildConfigurations = (
				04614D312896485700C2A532 /* Debug */,
				04614D322896485700C2A532 /* Release */,
			);
			defaultConfigurationIsVisible = 0;
			defaultConfigurationName = Release;
		};
		04B5DF4D289649AF00AE7FFF /* Build configuration list for PBXNativeTarget "Clip" */ = {
			isa = XCConfigurationList;
			buildConfigurations = (
				04B5DF47289649AF00AE7FFF /* Debug */,
				04B5DF48289649AF00AE7FFF /* Release */,
			);
			defaultConfigurationIsVisible = 0;
			defaultConfigurationName = Release;
		};
		04B5DF4E289649AF00AE7FFF /* Build configuration list for PBXNativeTarget "ClipTests" */ = {
			isa = XCConfigurationList;
			buildConfigurations = (
				04B5DF49289649AF00AE7FFF /* Debug */,
				04B5DF4A289649AF00AE7FFF /* Release */,
			);
			defaultConfigurationIsVisible = 0;
			defaultConfigurationName = Release;
		};
		04B5DF4F289649AF00AE7FFF /* Build configuration list for PBXNativeTarget "ClipUITests" */ = {
			isa = XCConfigurationList;
			buildConfigurations = (
				04B5DF4B289649AF00AE7FFF /* Debug */,
				04B5DF4C289649AF00AE7FFF /* Release */,
			);
			defaultConfigurationIsVisible = 0;
			defaultConfigurationName = Release;
		};
/* End XCConfigurationList section */
	};
	rootObject = 04614CFE2896485600C2A532 /* Project object */;
}
