// !$*UTF8*$!
{
	archiveVersion = 1;
	classes = {
	};
	objectVersion = 55;
	objects = {

/* Begin PBXBuildFile section */
		04614D0A2896485600C2A532 /* SwiftUIAppClipApp.swift in Sources */ = {isa = PBXBuildFile; fileRef = 04614D092896485600C2A532 /* SwiftUIAppClipApp.swift */; };
		04614D0C2896485600C2A532 /* ContentView.swift in Sources */ = {isa = PBXBuildFile; fileRef = 04614D0B2896485600C2A532 /* ContentView.swift */; };
		04614D0E2896485700C2A532 /* Assets.xcassets in Resources */ = {isa = PBXBuildFile; fileRef = 04614D0D2896485700C2A532 /* Assets.xcassets */; };
		04614D112896485700C2A532 /* Preview Assets.xcassets in Resources */ = {isa = PBXBuildFile; fileRef = 04614D102896485700C2A532 /* Preview Assets.xcassets */; };
		04614D1B2896485700C2A532 /* SwiftUIAppClipTests.swift in Sources */ = {isa = PBXBuildFile; fileRef = 04614D1A2896485700C2A532 /* SwiftUIAppClipTests.swift */; };
		04614D252896485700C2A532 /* SwiftUIAppClipUITests.swift in Sources */ = {isa = PBXBuildFile; fileRef = 04614D242896485700C2A532 /* SwiftUIAppClipUITests.swift */; };
		04614D272896485700C2A532 /* SwiftUIAppClipUITestsLaunchTests.swift in Sources */ = {isa = PBXBuildFile; fileRef = 04614D262896485700C2A532 /* SwiftUIAppClipUITestsLaunchTests.swift */; };
/* End PBXBuildFile section */

/* Begin PBXContainerItemProxy section */
		04614D172896485700C2A532 /* PBXContainerItemProxy */ = {
			isa = PBXContainerItemProxy;
			containerPortal = 04614CFE2896485600C2A532 /* Project object */;
			proxyType = 1;
			remoteGlobalIDString = 04614D052896485600C2A532;
			remoteInfo = SwiftUIAppClip;
		};
		04614D212896485700C2A532 /* PBXContainerItemProxy */ = {
			isa = PBXContainerItemProxy;
			containerPortal = 04614CFE2896485600C2A532 /* Project object */;
			proxyType = 1;
			remoteGlobalIDString = 04614D052896485600C2A532;
			remoteInfo = SwiftUIAppClip;
		};
/* End PBXContainerItemProxy section */

/* Begin PBXFileReference section */
		04614D062896485600C2A532 /* SwiftUIAppClip.app */ = {isa = PBXFileReference; explicitFileType = wrapper.application; includeInIndex = 0; path = SwiftUIAppClip.app; sourceTree = BUILT_PRODUCTS_DIR; };
		04614D092896485600C2A532 /* SwiftUIAppClipApp.swift */ = {isa = PBXFileReference; lastKnownFileType = sourcecode.swift; path = SwiftUIAppClipApp.swift; sourceTree = "<group>"; };
		04614D0B2896485600C2A532 /* ContentView.swift */ = {isa = PBXFileReference; lastKnownFileType = sourcecode.swift; path = ContentView.swift; sourceTree = "<group>"; };
		04614D0D2896485700C2A532 /* Assets.xcassets */ = {isa = PBXFileReference; lastKnownFileType = folder.assetcatalog; path = Assets.xcassets; sourceTree = "<group>"; };
		04614D102896485700C2A532 /* Preview Assets.xcassets */ = {isa = PBXFileReference; lastKnownFileType = folder.assetcatalog; path = "Preview Assets.xcassets"; sourceTree = "<group>"; };
		04614D162896485700C2A532 /* SwiftUIAppClipTests.xctest */ = {isa = PBXFileReference; explicitFileType = wrapper.cfbundle; includeInIndex = 0; path = SwiftUIAppClipTests.xctest; sourceTree = BUILT_PRODUCTS_DIR; };
		04614D1A2896485700C2A532 /* SwiftUIAppClipTests.swift */ = {isa = PBXFileReference; lastKnownFileType = sourcecode.swift; path = SwiftUIAppClipTests.swift; sourceTree = "<group>"; };
		04614D202896485700C2A532 /* SwiftUIAppClipUITests.xctest */ = {isa = PBXFileReference; explicitFileType = wrapper.cfbundle; includeInIndex = 0; path = SwiftUIAppClipUITests.xctest; sourceTree = BUILT_PRODUCTS_DIR; };
		04614D242896485700C2A532 /* SwiftUIAppClipUITests.swift */ = {isa = PBXFileReference; lastKnownFileType = sourcecode.swift; path = SwiftUIAppClipUITests.swift; sourceTree = "<group>"; };
		04614D262896485700C2A532 /* SwiftUIAppClipUITestsLaunchTests.swift */ = {isa = PBXFileReference; lastKnownFileType = sourcecode.swift; path = SwiftUIAppClipUITestsLaunchTests.swift; sourceTree = "<group>"; };
/* End PBXFileReference section */

/* Begin PBXFrameworksBuildPhase section */
		04614D032896485600C2A532 /* Frameworks */ = {
			isa = PBXFrameworksBuildPhase;
			buildActionMask = 2147483647;
			files = (
			);
			runOnlyForDeploymentPostprocessing = 0;
		};
		04614D132896485700C2A532 /* Frameworks */ = {
			isa = PBXFrameworksBuildPhase;
			buildActionMask = 2147483647;
			files = (
			);
			runOnlyForDeploymentPostprocessing = 0;
		};
		04614D1D2896485700C2A532 /* Frameworks */ = {
			isa = PBXFrameworksBuildPhase;
			buildActionMask = 2147483647;
			files = (
			);
			runOnlyForDeploymentPostprocessing = 0;
		};
/* End PBXFrameworksBuildPhase section */

/* Begin PBXGroup section */
		04614CFD2896485600C2A532 = {
			isa = PBXGroup;
			children = (
				04614D082896485600C2A532 /* SwiftUIAppClip */,
				04614D192896485700C2A532 /* SwiftUIAppClipTests */,
				04614D232896485700C2A532 /* SwiftUIAppClipUITests */,
				04614D072896485600C2A532 /* Products */,
			);
			sourceTree = "<group>";
		};
		04614D072896485600C2A532 /* Products */ = {
			isa = PBXGroup;
			children = (
				04614D062896485600C2A532 /* SwiftUIAppClip.app */,
				04614D162896485700C2A532 /* SwiftUIAppClipTests.xctest */,
				04614D202896485700C2A532 /* SwiftUIAppClipUITests.xctest */,
			);
			name = Products;
			sourceTree = "<group>";
		};
		04614D082896485600C2A532 /* SwiftUIAppClip */ = {
			isa = PBXGroup;
			children = (
				04614D092896485600C2A532 /* SwiftUIAppClipApp.swift */,
				04614D0B2896485600C2A532 /* ContentView.swift */,
				04614D0D2896485700C2A532 /* Assets.xcassets */,
				04614D0F2896485700C2A532 /* Preview Content */,
			);
			path = SwiftUIAppClip;
			sourceTree = "<group>";
		};
		04614D0F2896485700C2A532 /* Preview Content */ = {
			isa = PBXGroup;
			children = (
				04614D102896485700C2A532 /* Preview Assets.xcassets */,
			);
			path = "Preview Content";
			sourceTree = "<group>";
		};
		04614D192896485700C2A532 /* SwiftUIAppClipTests */ = {
			isa = PBXGroup;
			children = (
				04614D1A2896485700C2A532 /* SwiftUIAppClipTests.swift */,
			);
			path = SwiftUIAppClipTests;
			sourceTree = "<group>";
		};
		04614D232896485700C2A532 /* SwiftUIAppClipUITests */ = {
			isa = PBXGroup;
			children = (
				04614D242896485700C2A532 /* SwiftUIAppClipUITests.swift */,
				04614D262896485700C2A532 /* SwiftUIAppClipUITestsLaunchTests.swift */,
			);
			path = SwiftUIAppClipUITests;
			sourceTree = "<group>";
		};
/* End PBXGroup section */

/* Begin PBXNativeTarget section */
		04614D052896485600C2A532 /* SwiftUIAppClip */ = {
			isa = PBXNativeTarget;
			buildConfigurationList = 04614D2A2896485700C2A532 /* Build configuration list for PBXNativeTarget "SwiftUIAppClip" */;
			buildPhases = (
				04614D022896485600C2A532 /* Sources */,
				04614D032896485600C2A532 /* Frameworks */,
				04614D042896485600C2A532 /* Resources */,
			);
			buildRules = (
			);
			dependencies = (
			);
			name = SwiftUIAppClip;
			productName = SwiftUIAppClip;
			productReference = 04614D062896485600C2A532 /* SwiftUIAppClip.app */;
			productType = "com.apple.product-type.application";
		};
		04614D152896485700C2A532 /* SwiftUIAppClipTests */ = {
			isa = PBXNativeTarget;
			buildConfigurationList = 04614D2D2896485700C2A532 /* Build configuration list for PBXNativeTarget "SwiftUIAppClipTests" */;
			buildPhases = (
				04614D122896485700C2A532 /* Sources */,
				04614D132896485700C2A532 /* Frameworks */,
				04614D142896485700C2A532 /* Resources */,
			);
			buildRules = (
			);
			dependencies = (
				04614D182896485700C2A532 /* PBXTargetDependency */,
			);
			name = SwiftUIAppClipTests;
			productName = SwiftUIAppClipTests;
			productReference = 04614D162896485700C2A532 /* SwiftUIAppClipTests.xctest */;
			productType = "com.apple.product-type.bundle.unit-test";
		};
		04614D1F2896485700C2A532 /* SwiftUIAppClipUITests */ = {
			isa = PBXNativeTarget;
			buildConfigurationList = 04614D302896485700C2A532 /* Build configuration list for PBXNativeTarget "SwiftUIAppClipUITests" */;
			buildPhases = (
				04614D1C2896485700C2A532 /* Sources */,
				04614D1D2896485700C2A532 /* Frameworks */,
				04614D1E2896485700C2A532 /* Resources */,
			);
			buildRules = (
			);
			dependencies = (
				04614D222896485700C2A532 /* PBXTargetDependency */,
			);
			name = SwiftUIAppClipUITests;
			productName = SwiftUIAppClipUITests;
			productReference = 04614D202896485700C2A532 /* SwiftUIAppClipUITests.xctest */;
			productType = "com.apple.product-type.bundle.ui-testing";
		};
/* End PBXNativeTarget section */

/* Begin PBXProject section */
		04614CFE2896485600C2A532 /* Project object */ = {
			isa = PBXProject;
			attributes = {
				BuildIndependentTargetsInParallel = 1;
				LastSwiftUpdateCheck = 1340;
				LastUpgradeCheck = 1340;
				TargetAttributes = {
					04614D052896485600C2A532 = {
						CreatedOnToolsVersion = 13.4.1;
					};
					04614D152896485700C2A532 = {
						CreatedOnToolsVersion = 13.4.1;
						TestTargetID = 04614D052896485600C2A532;
					};
					04614D1F2896485700C2A532 = {
						CreatedOnToolsVersion = 13.4.1;
						TestTargetID = 04614D052896485600C2A532;
					};
				};
			};
			buildConfigurationList = 04614D012896485600C2A532 /* Build configuration list for PBXProject "SwiftUIAppClip" */;
			compatibilityVersion = "Xcode 13.0";
			developmentRegion = en;
			hasScannedForEncodings = 0;
			knownRegions = (
				en,
				Base,
			);
			mainGroup = 04614CFD2896485600C2A532;
			productRefGroup = 04614D072896485600C2A532 /* Products */;
			projectDirPath = "";
			projectRoot = "";
			targets = (
				04614D052896485600C2A532 /* SwiftUIAppClip */,
				04614D152896485700C2A532 /* SwiftUIAppClipTests */,
				04614D1F2896485700C2A532 /* SwiftUIAppClipUITests */,
			);
		};
/* End PBXProject section */

/* Begin PBXResourcesBuildPhase section */
		04614D042896485600C2A532 /* Resources */ = {
			isa = PBXResourcesBuildPhase;
			buildActionMask = 2147483647;
			files = (
				04614D112896485700C2A532 /* Preview Assets.xcassets in Resources */,
				04614D0E2896485700C2A532 /* Assets.xcassets in Resources */,
			);
			runOnlyForDeploymentPostprocessing = 0;
		};
		04614D142896485700C2A532 /* Resources */ = {
			isa = PBXResourcesBuildPhase;
			buildActionMask = 2147483647;
			files = (
			);
			runOnlyForDeploymentPostprocessing = 0;
		};
		04614D1E2896485700C2A532 /* Resources */ = {
			isa = PBXResourcesBuildPhase;
			buildActionMask = 2147483647;
			files = (
			);
			runOnlyForDeploymentPostprocessing = 0;
		};
/* End PBXResourcesBuildPhase section */

/* Begin PBXSourcesBuildPhase section */
		04614D022896485600C2A532 /* Sources */ = {
			isa = PBXSourcesBuildPhase;
			buildActionMask = 2147483647;
			files = (
				04614D0C2896485600C2A532 /* ContentView.swift in Sources */,
				04614D0A2896485600C2A532 /* SwiftUIAppClipApp.swift in Sources */,
			);
			runOnlyForDeploymentPostprocessing = 0;
		};
		04614D122896485700C2A532 /* Sources */ = {
			isa = PBXSourcesBuildPhase;
			buildActionMask = 2147483647;
			files = (
				04614D1B2896485700C2A532 /* SwiftUIAppClipTests.swift in Sources */,
			);
			runOnlyForDeploymentPostprocessing = 0;
		};
		04614D1C2896485700C2A532 /* Sources */ = {
			isa = PBXSourcesBuildPhase;
			buildActionMask = 2147483647;
			files = (
				04614D272896485700C2A532 /* SwiftUIAppClipUITestsLaunchTests.swift in Sources */,
				04614D252896485700C2A532 /* SwiftUIAppClipUITests.swift in Sources */,
			);
			runOnlyForDeploymentPostprocessing = 0;
		};
/* End PBXSourcesBuildPhase section */

/* Begin PBXTargetDependency section */
		04614D182896485700C2A532 /* PBXTargetDependency */ = {
			isa = PBXTargetDependency;
			target = 04614D052896485600C2A532 /* SwiftUIAppClip */;
			targetProxy = 04614D172896485700C2A532 /* PBXContainerItemProxy */;
		};
		04614D222896485700C2A532 /* PBXTargetDependency */ = {
			isa = PBXTargetDependency;
			target = 04614D052896485600C2A532 /* SwiftUIAppClip */;
			targetProxy = 04614D212896485700C2A532 /* PBXContainerItemProxy */;
		};
/* End PBXTargetDependency section */

/* Begin XCBuildConfiguration section */
		04614D282896485700C2A532 /* Debug */ = {
			isa = XCBuildConfiguration;
			buildSettings = {
				ALWAYS_SEARCH_USER_PATHS = NO;
				CLANG_ANALYZER_NONNULL = YES;
				CLANG_ANALYZER_NUMBER_OBJECT_CONVERSION = YES_AGGRESSIVE;
				CLANG_CXX_LANGUAGE_STANDARD = "gnu++17";
				CLANG_ENABLE_MODULES = YES;
				CLANG_ENABLE_OBJC_ARC = YES;
				CLANG_ENABLE_OBJC_WEAK = YES;
				CLANG_WARN_BLOCK_CAPTURE_AUTORELEASING = YES;
				CLANG_WARN_BOOL_CONVERSION = YES;
				CLANG_WARN_COMMA = YES;
				CLANG_WARN_CONSTANT_CONVERSION = YES;
				CLANG_WARN_DEPRECATED_OBJC_IMPLEMENTATIONS = YES;
				CLANG_WARN_DIRECT_OBJC_ISA_USAGE = YES_ERROR;
				CLANG_WARN_DOCUMENTATION_COMMENTS = YES;
				CLANG_WARN_EMPTY_BODY = YES;
				CLANG_WARN_ENUM_CONVERSION = YES;
				CLANG_WARN_INFINITE_RECURSION = YES;
				CLANG_WARN_INT_CONVERSION = YES;
				CLANG_WARN_NON_LITERAL_NULL_CONVERSION = YES;
				CLANG_WARN_OBJC_IMPLICIT_RETAIN_SELF = YES;
				CLANG_WARN_OBJC_LITERAL_CONVERSION = YES;
				CLANG_WARN_OBJC_ROOT_CLASS = YES_ERROR;
				CLANG_WARN_QUOTED_INCLUDE_IN_FRAMEWORK_HEADER = YES;
				CLANG_WARN_RANGE_LOOP_ANALYSIS = YES;
				CLANG_WARN_STRICT_PROTOTYPES = YES;
				CLANG_WARN_SUSPICIOUS_MOVE = YES;
				CLANG_WARN_UNGUARDED_AVAILABILITY = YES_AGGRESSIVE;
				CLANG_WARN_UNREACHABLE_CODE = YES;
				CLANG_WARN__DUPLICATE_METHOD_MATCH = YES;
				COPY_PHASE_STRIP = NO;
				DEBUG_INFORMATION_FORMAT = dwarf;
				ENABLE_STRICT_OBJC_MSGSEND = YES;
				ENABLE_TESTABILITY = YES;
				GCC_C_LANGUAGE_STANDARD = gnu11;
				GCC_DYNAMIC_NO_PIC = NO;
				GCC_NO_COMMON_BLOCKS = YES;
				GCC_OPTIMIZATION_LEVEL = 0;
				GCC_PREPROCESSOR_DEFINITIONS = (
					"DEBUG=1",
					"$(inherited)",
				);
				GCC_WARN_64_TO_32_BIT_CONVERSION = YES;
				GCC_WARN_ABOUT_RETURN_TYPE = YES_ERROR;
				GCC_WARN_UNDECLARED_SELECTOR = YES;
				GCC_WARN_UNINITIALIZED_AUTOS = YES_AGGRESSIVE;
				GCC_WARN_UNUSED_FUNCTION = YES;
				GCC_WARN_UNUSED_VARIABLE = YES;
				IPHONEOS_DEPLOYMENT_TARGET = 15.5;
				MTL_ENABLE_DEBUG_INFO = INCLUDE_SOURCE;
				MTL_FAST_MATH = YES;
				ONLY_ACTIVE_ARCH = YES;
				SDKROOT = iphoneos;
				SWIFT_ACTIVE_COMPILATION_CONDITIONS = DEBUG;
				SWIFT_OPTIMIZATION_LEVEL = "-Onone";
			};
			name = Debug;
		};
		04614D292896485700C2A532 /* Release */ = {
			isa = XCBuildConfiguration;
			buildSettings = {
				ALWAYS_SEARCH_USER_PATHS = NO;
				CLANG_ANALYZER_NONNULL = YES;
				CLANG_ANALYZER_NUMBER_OBJECT_CONVERSION = YES_AGGRESSIVE;
				CLANG_CXX_LANGUAGE_STANDARD = "gnu++17";
				CLANG_ENABLE_MODULES = YES;
				CLANG_ENABLE_OBJC_ARC = YES;
				CLANG_ENABLE_OBJC_WEAK = YES;
				CLANG_WARN_BLOCK_CAPTURE_AUTORELEASING = YES;
				CLANG_WARN_BOOL_CONVERSION = YES;
				CLANG_WARN_COMMA = YES;
				CLANG_WARN_CONSTANT_CONVERSION = YES;
				CLANG_WARN_DEPRECATED_OBJC_IMPLEMENTATIONS = YES;
				CLANG_WARN_DIRECT_OBJC_ISA_USAGE = YES_ERROR;
				CLANG_WARN_DOCUMENTATION_COMMENTS = YES;
				CLANG_WARN_EMPTY_BODY = YES;
				CLANG_WARN_ENUM_CONVERSION = YES;
				CLANG_WARN_INFINITE_RECURSION = YES;
				CLANG_WARN_INT_CONVERSION = YES;
				CLANG_WARN_NON_LITERAL_NULL_CONVERSION = YES;
				CLANG_WARN_OBJC_IMPLICIT_RETAIN_SELF = YES;
				CLANG_WARN_OBJC_LITERAL_CONVERSION = YES;
				CLANG_WARN_OBJC_ROOT_CLASS = YES_ERROR;
				CLANG_WARN_QUOTED_INCLUDE_IN_FRAMEWORK_HEADER = YES;
				CLANG_WARN_RANGE_LOOP_ANALYSIS = YES;
				CLANG_WARN_STRICT_PROTOTYPES = YES;
				CLANG_WARN_SUSPICIOUS_MOVE = YES;
				CLANG_WARN_UNGUARDED_AVAILABILITY = YES_AGGRESSIVE;
				CLANG_WARN_UNREACHABLE_CODE = YES;
				CLANG_WARN__DUPLICATE_METHOD_MATCH = YES;
				COPY_PHASE_STRIP = NO;
				DEBUG_INFORMATION_FORMAT = "dwarf-with-dsym";
				ENABLE_NS_ASSERTIONS = NO;
				ENABLE_STRICT_OBJC_MSGSEND = YES;
				GCC_C_LANGUAGE_STANDARD = gnu11;
				GCC_NO_COMMON_BLOCKS = YES;
				GCC_WARN_64_TO_32_BIT_CONVERSION = YES;
				GCC_WARN_ABOUT_RETURN_TYPE = YES_ERROR;
				GCC_WARN_UNDECLARED_SELECTOR = YES;
				GCC_WARN_UNINITIALIZED_AUTOS = YES_AGGRESSIVE;
				GCC_WARN_UNUSED_FUNCTION = YES;
				GCC_WARN_UNUSED_VARIABLE = YES;
				IPHONEOS_DEPLOYMENT_TARGET = 15.5;
				MTL_ENABLE_DEBUG_INFO = NO;
				MTL_FAST_MATH = YES;
				SDKROOT = iphoneos;
				SWIFT_COMPILATION_MODE = wholemodule;
				SWIFT_OPTIMIZATION_LEVEL = "-O";
				VALIDATE_PRODUCT = YES;
			};
			name = Release;
		};
		04614D2B2896485700C2A532 /* Debug */ = {
			isa = XCBuildConfiguration;
			buildSettings = {
				ASSETCATALOG_COMPILER_APPICON_NAME = AppIcon;
				ASSETCATALOG_COMPILER_GLOBAL_ACCENT_COLOR_NAME = AccentColor;
				CODE_SIGN_STYLE = Automatic;
				CURRENT_PROJECT_VERSION = 1;
				DEVELOPMENT_ASSET_PATHS = "\"SwiftUIAppClip/Preview Content\"";
				DEVELOPMENT_TEAM = TDUR55YWW6;
				ENABLE_PREVIEWS = YES;
				GENERATE_INFOPLIST_FILE = YES;
				INFOPLIST_KEY_UIApplicationSceneManifest_Generation = YES;
				INFOPLIST_KEY_UIApplicationSupportsIndirectInputEvents = YES;
				INFOPLIST_KEY_UILaunchScreen_Generation = YES;
				INFOPLIST_KEY_UISupportedInterfaceOrientations_iPad = "UIInterfaceOrientationPortrait UIInterfaceOrientationPortraitUpsideDown UIInterfaceOrientationLandscapeLeft UIInterfaceOrientationLandscapeRight";
				INFOPLIST_KEY_UISupportedInterfaceOrientations_iPhone = "UIInterfaceOrientationPortrait UIInterfaceOrientationLandscapeLeft UIInterfaceOrientationLandscapeRight";
				LD_RUNPATH_SEARCH_PATHS = (
					"$(inherited)",
					"@executable_path/Frameworks",
				);
				MARKETING_VERSION = 1.0;
				PRODUCT_BUNDLE_IDENTIFIER = net.ognam.SwiftUIAppClip;
				PRODUCT_NAME = "$(TARGET_NAME)";
				SWIFT_EMIT_LOC_STRINGS = YES;
				SWIFT_VERSION = 5.0;
				TARGETED_DEVICE_FAMILY = "1,2";
			};
			name = Debug;
		};
		04614D2C2896485700C2A532 /* Release */ = {
			isa = XCBuildConfiguration;
			buildSettings = {
				ASSETCATALOG_COMPILER_APPICON_NAME = AppIcon;
				ASSETCATALOG_COMPILER_GLOBAL_ACCENT_COLOR_NAME = AccentColor;
				CODE_SIGN_STYLE = Automatic;
				CURRENT_PROJECT_VERSION = 1;
				DEVELOPMENT_ASSET_PATHS = "\"SwiftUIAppClip/Preview Content\"";
				DEVELOPMENT_TEAM = TDUR55YWW6;
				ENABLE_PREVIEWS = YES;
				GENERATE_INFOPLIST_FILE = YES;
				INFOPLIST_KEY_UIApplicationSceneManifest_Generation = YES;
				INFOPLIST_KEY_UIApplicationSupportsIndirectInputEvents = YES;
				INFOPLIST_KEY_UILaunchScreen_Generation = YES;
				INFOPLIST_KEY_UISupportedInterfaceOrientations_iPad = "UIInterfaceOrientationPortrait UIInterfaceOrientationPortraitUpsideDown UIInterfaceOrientationLandscapeLeft UIInterfaceOrientationLandscapeRight";
				INFOPLIST_KEY_UISupportedInterfaceOrientations_iPhone = "UIInterfaceOrientationPortrait UIInterfaceOrientationLandscapeLeft UIInterfaceOrientationLandscapeRight";
				LD_RUNPATH_SEARCH_PATHS = (
					"$(inherited)",
					"@executable_path/Frameworks",
				);
				MARKETING_VERSION = 1.0;
				PRODUCT_BUNDLE_IDENTIFIER = net.ognam.SwiftUIAppClip;
				PRODUCT_NAME = "$(TARGET_NAME)";
				SWIFT_EMIT_LOC_STRINGS = YES;
				SWIFT_VERSION = 5.0;
				TARGETED_DEVICE_FAMILY = "1,2";
			};
			name = Release;
		};
		04614D2E2896485700C2A532 /* Debug */ = {
			isa = XCBuildConfiguration;
			buildSettings = {
				ALWAYS_EMBED_SWIFT_STANDARD_LIBRARIES = YES;
				BUNDLE_LOADER = "$(TEST_HOST)";
				CODE_SIGN_STYLE = Automatic;
				CURRENT_PROJECT_VERSION = 1;
				DEVELOPMENT_TEAM = TDUR55YWW6;
				GENERATE_INFOPLIST_FILE = YES;
				IPHONEOS_DEPLOYMENT_TARGET = 15.5;
				MARKETING_VERSION = 1.0;
				PRODUCT_BUNDLE_IDENTIFIER = net.ognam.SwiftUIAppClipTests;
				PRODUCT_NAME = "$(TARGET_NAME)";
				SWIFT_EMIT_LOC_STRINGS = NO;
				SWIFT_VERSION = 5.0;
				TARGETED_DEVICE_FAMILY = "1,2";
				TEST_HOST = "$(BUILT_PRODUCTS_DIR)/SwiftUIAppClip.app/SwiftUIAppClip";
			};
			name = Debug;
		};
		04614D2F2896485700C2A532 /* Release */ = {
			isa = XCBuildConfiguration;
			buildSettings = {
				ALWAYS_EMBED_SWIFT_STANDARD_LIBRARIES = YES;
				BUNDLE_LOADER = "$(TEST_HOST)";
				CODE_SIGN_STYLE = Automatic;
				CURRENT_PROJECT_VERSION = 1;
				DEVELOPMENT_TEAM = TDUR55YWW6;
				GENERATE_INFOPLIST_FILE = YES;
				IPHONEOS_DEPLOYMENT_TARGET = 15.5;
				MARKETING_VERSION = 1.0;
				PRODUCT_BUNDLE_IDENTIFIER = net.ognam.SwiftUIAppClipTests;
				PRODUCT_NAME = "$(TARGET_NAME)";
				SWIFT_EMIT_LOC_STRINGS = NO;
				SWIFT_VERSION = 5.0;
				TARGETED_DEVICE_FAMILY = "1,2";
				TEST_HOST = "$(BUILT_PRODUCTS_DIR)/SwiftUIAppClip.app/SwiftUIAppClip";
			};
			name = Release;
		};
		04614D312896485700C2A532 /* Debug */ = {
			isa = XCBuildConfiguration;
			buildSettings = {
				ALWAYS_EMBED_SWIFT_STANDARD_LIBRARIES = YES;
				CODE_SIGN_STYLE = Automatic;
				CURRENT_PROJECT_VERSION = 1;
				DEVELOPMENT_TEAM = TDUR55YWW6;
				GENERATE_INFOPLIST_FILE = YES;
				MARKETING_VERSION = 1.0;
				PRODUCT_BUNDLE_IDENTIFIER = net.ognam.SwiftUIAppClipUITests;
				PRODUCT_NAME = "$(TARGET_NAME)";
				SWIFT_EMIT_LOC_STRINGS = NO;
				SWIFT_VERSION = 5.0;
				TARGETED_DEVICE_FAMILY = "1,2";
				TEST_TARGET_NAME = SwiftUIAppClip;
			};
			name = Debug;
		};
		04614D322896485700C2A532 /* Release */ = {
			isa = XCBuildConfiguration;
			buildSettings = {
				ALWAYS_EMBED_SWIFT_STANDARD_LIBRARIES = YES;
				CODE_SIGN_STYLE = Automatic;
				CURRENT_PROJECT_VERSION = 1;
				DEVELOPMENT_TEAM = TDUR55YWW6;
				GENERATE_INFOPLIST_FILE = YES;
				MARKETING_VERSION = 1.0;
				PRODUCT_BUNDLE_IDENTIFIER = net.ognam.SwiftUIAppClipUITests;
				PRODUCT_NAME = "$(TARGET_NAME)";
				SWIFT_EMIT_LOC_STRINGS = NO;
				SWIFT_VERSION = 5.0;
				TARGETED_DEVICE_FAMILY = "1,2";
				TEST_TARGET_NAME = SwiftUIAppClip;
			};
			name = Release;
		};
/* End XCBuildConfiguration section */

/* Begin XCConfigurationList section */
		04614D012896485600C2A532 /* Build configuration list for PBXProject "SwiftUIAppClip" */ = {
			isa = XCConfigurationList;
			buildConfigurations = (
				04614D282896485700C2A532 /* Debug */,
				04614D292896485700C2A532 /* Release */,
			);
			defaultConfigurationIsVisible = 0;
			defaultConfigurationName = Release;
		};
		04614D2A2896485700C2A532 /* Build configuration list for PBXNativeTarget "SwiftUIAppClip" */ = {
			isa = XCConfigurationList;
			buildConfigurations = (
				04614D2B2896485700C2A532 /* Debug */,
				04614D2C2896485700C2A532 /* Release */,
			);
			defaultConfigurationIsVisible = 0;
			defaultConfigurationName = Release;
		};
		04614D2D2896485700C2A532 /* Build configuration list for PBXNativeTarget "SwiftUIAppClipTests" */ = {
			isa = XCConfigurationList;
			buildConfigurations = (
				04614D2E2896485700C2A532 /* Debug */,
				04614D2F2896485700C2A532 /* Release */,
			);
			defaultConfigurationIsVisible = 0;
			defaultConfigurationName = Release;
		};
		04614D302896485700C2A532 /* Build configuration list for PBXNativeTarget "SwiftUIAppClipUITests" */ = {
			isa = XCConfigurationList;
			buildConfigurations = (
				04614D312896485700C2A532 /* Debug */,
				04614D322896485700C2A532 /* Release */,
			);
			defaultConfigurationIsVisible = 0;
			defaultConfigurationName = Release;
		};
/* End XCConfigurationList section */
	};
	rootObject = 04614CFE2896485600C2A532 /* Project object */;
}
